// !$*UTF8*$!
{
	archiveVersion = 1;
	classes = {
	};
	objectVersion = 50;
	objects = {

/* Begin PBXBuildFile section */
		2543A219269B8A9F0064B66A /* AppDelegate.swift in Sources */ = {isa = PBXBuildFile; fileRef = 2543A218269B8A9F0064B66A /* AppDelegate.swift */; };
		2543A21B269B8A9F0064B66A /* ViewController.swift in Sources */ = {isa = PBXBuildFile; fileRef = 2543A21A269B8A9F0064B66A /* ViewController.swift */; };
		2543A21E269B8A9F0064B66A /* Main.storyboard in Resources */ = {isa = PBXBuildFile; fileRef = 2543A21C269B8A9F0064B66A /* Main.storyboard */; };
		2543A220269B8AA20064B66A /* Assets.xcassets in Resources */ = {isa = PBXBuildFile; fileRef = 2543A21F269B8AA20064B66A /* Assets.xcassets */; };
		2543A223269B8AA20064B66A /* LaunchScreen.storyboard in Resources */ = {isa = PBXBuildFile; fileRef = 2543A221269B8AA20064B66A /* LaunchScreen.storyboard */; };
		2543A22E269B8AA20064B66A /* TestTests.swift in Sources */ = {isa = PBXBuildFile; fileRef = 2543A22D269B8AA20064B66A /* TestTests.swift */; };
		2543A239269B8AA20064B66A /* TestUITests.swift in Sources */ = {isa = PBXBuildFile; fileRef = 2543A238269B8AA20064B66A /* TestUITests.swift */; };
/* End PBXBuildFile section */

/* Begin PBXContainerItemProxy section */
		2543A22A269B8AA20064B66A /* PBXContainerItemProxy */ = {
			isa = PBXContainerItemProxy;
			containerPortal = 2543A20D269B8A9F0064B66A /* Project object */;
			proxyType = 1;
			remoteGlobalIDString = 2543A214269B8A9F0064B66A;
			remoteInfo = Test;
		};
		2543A235269B8AA20064B66A /* PBXContainerItemProxy */ = {
			isa = PBXContainerItemProxy;
			containerPortal = 2543A20D269B8A9F0064B66A /* Project object */;
			proxyType = 1;
			remoteGlobalIDString = 2543A214269B8A9F0064B66A;
			remoteInfo = Test;
		};
/* End PBXContainerItemProxy section */

/* Begin PBXFileReference section */
		2543A215269B8A9F0064B66A /* Test.app */ = {isa = PBXFileReference; explicitFileType = wrapper.application; includeInIndex = 0; path = Test.app; sourceTree = BUILT_PRODUCTS_DIR; };
		2543A218269B8A9F0064B66A /* AppDelegate.swift */ = {isa = PBXFileReference; lastKnownFileType = sourcecode.swift; path = AppDelegate.swift; sourceTree = "<group>"; };
		2543A21A269B8A9F0064B66A /* ViewController.swift */ = {isa = PBXFileReference; lastKnownFileType = sourcecode.swift; path = ViewController.swift; sourceTree = "<group>"; };
		2543A21D269B8A9F0064B66A /* Base */ = {isa = PBXFileReference; lastKnownFileType = file.storyboard; name = Base; path = Base.lproj/Main.storyboard; sourceTree = "<group>"; };
		2543A21F269B8AA20064B66A /* Assets.xcassets */ = {isa = PBXFileReference; lastKnownFileType = folder.assetcatalog; path = Assets.xcassets; sourceTree = "<group>"; };
		2543A222269B8AA20064B66A /* Base */ = {isa = PBXFileReference; lastKnownFileType = file.storyboard; name = Base; path = Base.lproj/LaunchScreen.storyboard; sourceTree = "<group>"; };
		2543A224269B8AA20064B66A /* Info.plist */ = {isa = PBXFileReference; lastKnownFileType = text.plist.xml; path = Info.plist; sourceTree = "<group>"; };
		2543A229269B8AA20064B66A /* TestTests.xctest */ = {isa = PBXFileReference; explicitFileType = wrapper.cfbundle; includeInIndex = 0; path = TestTests.xctest; sourceTree = BUILT_PRODUCTS_DIR; };
		2543A22D269B8AA20064B66A /* TestTests.swift */ = {isa = PBXFileReference; lastKnownFileType = sourcecode.swift; path = TestTests.swift; sourceTree = "<group>"; };
		2543A22F269B8AA20064B66A /* Info.plist */ = {isa = PBXFileReference; lastKnownFileType = text.plist.xml; path = Info.plist; sourceTree = "<group>"; };
		2543A234269B8AA20064B66A /* TestUITests.xctest */ = {isa = PBXFileReference; explicitFileType = wrapper.cfbundle; includeInIndex = 0; path = TestUITests.xctest; sourceTree = BUILT_PRODUCTS_DIR; };
		2543A238269B8AA20064B66A /* TestUITests.swift */ = {isa = PBXFileReference; lastKnownFileType = sourcecode.swift; path = TestUITests.swift; sourceTree = "<group>"; };
		2543A23A269B8AA20064B66A /* Info.plist */ = {isa = PBXFileReference; lastKnownFileType = text.plist.xml; path = Info.plist; sourceTree = "<group>"; };
/* End PBXFileReference section */

/* Begin PBXFrameworksBuildPhase section */
		2543A212269B8A9F0064B66A /* Frameworks */ = {
			isa = PBXFrameworksBuildPhase;
			buildActionMask = 2147483647;
			files = (
			);
			runOnlyForDeploymentPostprocessing = 0;
		};
		2543A226269B8AA20064B66A /* Frameworks */ = {
			isa = PBXFrameworksBuildPhase;
			buildActionMask = 2147483647;
			files = (
			);
			runOnlyForDeploymentPostprocessing = 0;
		};
		2543A231269B8AA20064B66A /* Frameworks */ = {
			isa = PBXFrameworksBuildPhase;
			buildActionMask = 2147483647;
			files = (
			);
			runOnlyForDeploymentPostprocessing = 0;
		};
/* End PBXFrameworksBuildPhase section */

/* Begin PBXGroup section */
		2543A20C269B8A9F0064B66A = {
			isa = PBXGroup;
			children = (
				2543A217269B8A9F0064B66A /* Test */,
				2543A22C269B8AA20064B66A /* TestTests */,
				2543A237269B8AA20064B66A /* TestUITests */,
				2543A216269B8A9F0064B66A /* Products */,
			);
			sourceTree = "<group>";
		};
		2543A216269B8A9F0064B66A /* Products */ = {
			isa = PBXGroup;
			children = (
				2543A215269B8A9F0064B66A /* Test.app */,
				2543A229269B8AA20064B66A /* TestTests.xctest */,
				2543A234269B8AA20064B66A /* TestUITests.xctest */,
			);
			name = Products;
			sourceTree = "<group>";
		};
		2543A217269B8A9F0064B66A /* Test */ = {
			isa = PBXGroup;
			children = (
				2543A218269B8A9F0064B66A /* AppDelegate.swift */,
				2543A21A269B8A9F0064B66A /* ViewController.swift */,
				2543A21C269B8A9F0064B66A /* Main.storyboard */,
				2543A21F269B8AA20064B66A /* Assets.xcassets */,
				2543A221269B8AA20064B66A /* LaunchScreen.storyboard */,
				2543A224269B8AA20064B66A /* Info.plist */,
			);
			path = Test;
			sourceTree = "<group>";
		};
		2543A22C269B8AA20064B66A /* TestTests */ = {
			isa = PBXGroup;
			children = (
				2543A22D269B8AA20064B66A /* TestTests.swift */,
				2543A22F269B8AA20064B66A /* Info.plist */,
			);
			path = TestTests;
			sourceTree = "<group>";
		};
		2543A237269B8AA20064B66A /* TestUITests */ = {
			isa = PBXGroup;
			children = (
				2543A238269B8AA20064B66A /* TestUITests.swift */,
				2543A23A269B8AA20064B66A /* Info.plist */,
			);
			path = TestUITests;
			sourceTree = "<group>";
		};
/* End PBXGroup section */

/* Begin PBXNativeTarget section */
		2543A214269B8A9F0064B66A /* Test */ = {
			isa = PBXNativeTarget;
			buildConfigurationList = 2543A23D269B8AA20064B66A /* Build configuration list for PBXNativeTarget "Test" */;
			buildPhases = (
				2543A211269B8A9F0064B66A /* Sources */,
				2543A212269B8A9F0064B66A /* Frameworks */,
				2543A213269B8A9F0064B66A /* Resources */,
			);
			buildRules = (
			);
			dependencies = (
			);
			name = Test;
			productName = Test;
			productReference = 2543A215269B8A9F0064B66A /* Test.app */;
			productType = "com.apple.product-type.application";
		};
		2543A228269B8AA20064B66A /* TestTests */ = {
			isa = PBXNativeTarget;
			buildConfigurationList = 2543A240269B8AA20064B66A /* Build configuration list for PBXNativeTarget "TestTests" */;
			buildPhases = (
				2543A225269B8AA20064B66A /* Sources */,
				2543A226269B8AA20064B66A /* Frameworks */,
				2543A227269B8AA20064B66A /* Resources */,
			);
			buildRules = (
			);
			dependencies = (
				2543A22B269B8AA20064B66A /* PBXTargetDependency */,
			);
			name = TestTests;
			productName = TestTests;
			productReference = 2543A229269B8AA20064B66A /* TestTests.xctest */;
			productType = "com.apple.product-type.bundle.unit-test";
		};
		2543A233269B8AA20064B66A /* TestUITests */ = {
			isa = PBXNativeTarget;
			buildConfigurationList = 2543A243269B8AA20064B66A /* Build configuration list for PBXNativeTarget "TestUITests" */;
			buildPhases = (
				2543A230269B8AA20064B66A /* Sources */,
				2543A231269B8AA20064B66A /* Frameworks */,
				2543A232269B8AA20064B66A /* Resources */,
			);
			buildRules = (
			);
			dependencies = (
				2543A236269B8AA20064B66A /* PBXTargetDependency */,
			);
			name = TestUITests;
			productName = TestUITests;
			productReference = 2543A234269B8AA20064B66A /* TestUITests.xctest */;
			productType = "com.apple.product-type.bundle.ui-testing";
		};
/* End PBXNativeTarget section */

/* Begin PBXProject section */
		2543A20D269B8A9F0064B66A /* Project object */ = {
			isa = PBXProject;
			attributes = {
				LastSwiftUpdateCheck = 1010;
				LastUpgradeCheck = 1010;
				ORGANIZATIONNAME = "dotconnect development";
				TargetAttributes = {
					2543A214269B8A9F0064B66A = {
						CreatedOnToolsVersion = 10.1;
					};
					2543A228269B8AA20064B66A = {
						CreatedOnToolsVersion = 10.1;
						TestTargetID = 2543A214269B8A9F0064B66A;
					};
					2543A233269B8AA20064B66A = {
						CreatedOnToolsVersion = 10.1;
						TestTargetID = 2543A214269B8A9F0064B66A;
					};
				};
			};
			buildConfigurationList = 2543A210269B8A9F0064B66A /* Build configuration list for PBXProject "Test" */;
			compatibilityVersion = "Xcode 9.3";
			developmentRegion = en;
			hasScannedForEncodings = 0;
			knownRegions = (
				en,
				Base,
			);
			mainGroup = 2543A20C269B8A9F0064B66A;
			productRefGroup = 2543A216269B8A9F0064B66A /* Products */;
			projectDirPath = "";
			projectRoot = "";
			targets = (
				2543A214269B8A9F0064B66A /* Test */,
				2543A228269B8AA20064B66A /* TestTests */,
				2543A233269B8AA20064B66A /* TestUITests */,
			);
		};
/* End PBXProject section */

/* Begin PBXResourcesBuildPhase section */
		2543A213269B8A9F0064B66A /* Resources */ = {
			isa = PBXResourcesBuildPhase;
			buildActionMask = 2147483647;
			files = (
				2543A223269B8AA20064B66A /* LaunchScreen.storyboard in Resources */,
				2543A220269B8AA20064B66A /* Assets.xcassets in Resources */,
				2543A21E269B8A9F0064B66A /* Main.storyboard in Resources */,
			);
			runOnlyForDeploymentPostprocessing = 0;
		};
		2543A227269B8AA20064B66A /* Resources */ = {
			isa = PBXResourcesBuildPhase;
			buildActionMask = 2147483647;
			files = (
			);
			runOnlyForDeploymentPostprocessing = 0;
		};
		2543A232269B8AA20064B66A /* Resources */ = {
			isa = PBXResourcesBuildPhase;
			buildActionMask = 2147483647;
			files = (
			);
			runOnlyForDeploymentPostprocessing = 0;
		};
/* End PBXResourcesBuildPhase section */

/* Begin PBXSourcesBuildPhase section */
		2543A211269B8A9F0064B66A /* Sources */ = {
			isa = PBXSourcesBuildPhase;
			buildActionMask = 2147483647;
			files = (
				2543A21B269B8A9F0064B66A /* ViewController.swift in Sources */,
				2543A219269B8A9F0064B66A /* AppDelegate.swift in Sources */,
			);
			runOnlyForDeploymentPostprocessing = 0;
		};
		2543A225269B8AA20064B66A /* Sources */ = {
			isa = PBXSourcesBuildPhase;
			buildActionMask = 2147483647;
			files = (
				2543A22E269B8AA20064B66A /* TestTests.swift in Sources */,
			);
			runOnlyForDeploymentPostprocessing = 0;
		};
		2543A230269B8AA20064B66A /* Sources */ = {
			isa = PBXSourcesBuildPhase;
			buildActionMask = 2147483647;
			files = (
				2543A239269B8AA20064B66A /* TestUITests.swift in Sources */,
			);
			runOnlyForDeploymentPostprocessing = 0;
		};
/* End PBXSourcesBuildPhase section */

/* Begin PBXTargetDependency section */
		2543A22B269B8AA20064B66A /* PBXTargetDependency */ = {
			isa = PBXTargetDependency;
			target = 2543A214269B8A9F0064B66A /* Test */;
			targetProxy = 2543A22A269B8AA20064B66A /* PBXContainerItemProxy */;
		};
		2543A236269B8AA20064B66A /* PBXTargetDependency */ = {
			isa = PBXTargetDependency;
			target = 2543A214269B8A9F0064B66A /* Test */;
			targetProxy = 2543A235269B8AA20064B66A /* PBXContainerItemProxy */;
		};
/* End PBXTargetDependency section */

/* Begin PBXVariantGroup section */
		2543A21C269B8A9F0064B66A /* Main.storyboard */ = {
			isa = PBXVariantGroup;
			children = (
				2543A21D269B8A9F0064B66A /* Base */,
			);
			name = Main.storyboard;
			sourceTree = "<group>";
		};
		2543A221269B8AA20064B66A /* LaunchScreen.storyboard */ = {
			isa = PBXVariantGroup;
			children = (
				2543A222269B8AA20064B66A /* Base */,
			);
			name = LaunchScreen.storyboard;
			sourceTree = "<group>";
		};
/* End PBXVariantGroup section */

/* Begin XCBuildConfiguration section */
		2543A23B269B8AA20064B66A /* Debug */ = {
			isa = XCBuildConfiguration;
			buildSettings = {
				ALWAYS_SEARCH_USER_PATHS = NO;
				CLANG_ANALYZER_NONNULL = YES;
				CLANG_ANALYZER_NUMBER_OBJECT_CONVERSION = YES_AGGRESSIVE;
				CLANG_CXX_LANGUAGE_STANDARD = "gnu++14";
				CLANG_CXX_LIBRARY = "libc++";
				CLANG_ENABLE_MODULES = YES;
				CLANG_ENABLE_OBJC_ARC = YES;
				CLANG_ENABLE_OBJC_WEAK = YES;
				CLANG_WARN_BLOCK_CAPTURE_AUTORELEASING = YES;
				CLANG_WARN_BOOL_CONVERSION = YES;
				CLANG_WARN_COMMA = YES;
				CLANG_WARN_CONSTANT_CONVERSION = YES;
				CLANG_WARN_DEPRECATED_OBJC_IMPLEMENTATIONS = YES;
				CLANG_WARN_DIRECT_OBJC_ISA_USAGE = YES_ERROR;
				CLANG_WARN_DOCUMENTATION_COMMENTS = YES;
				CLANG_WARN_EMPTY_BODY = YES;
				CLANG_WARN_ENUM_CONVERSION = YES;
				CLANG_WARN_INFINITE_RECURSION = YES;
				CLANG_WARN_INT_CONVERSION = YES;
				CLANG_WARN_NON_LITERAL_NULL_CONVERSION = YES;
				CLANG_WARN_OBJC_IMPLICIT_RETAIN_SELF = YES;
				CLANG_WARN_OBJC_LITERAL_CONVERSION = YES;
				CLANG_WARN_OBJC_ROOT_CLASS = YES_ERROR;
				CLANG_WARN_RANGE_LOOP_ANALYSIS = YES;
				CLANG_WARN_STRICT_PROTOTYPES = YES;
				CLANG_WARN_SUSPICIOUS_MOVE = YES;
				CLANG_WARN_UNGUARDED_AVAILABILITY = YES_AGGRESSIVE;
				CLANG_WARN_UNREACHABLE_CODE = YES;
				CLANG_WARN__DUPLICATE_METHOD_MATCH = YES;
				CODE_SIGN_IDENTITY = "iPhone Developer";
				COPY_PHASE_STRIP = NO;
				DEBUG_INFORMATION_FORMAT = dwarf;
				ENABLE_STRICT_OBJC_MSGSEND = YES;
				ENABLE_TESTABILITY = YES;
				GCC_C_LANGUAGE_STANDARD = gnu11;
				GCC_DYNAMIC_NO_PIC = NO;
				GCC_NO_COMMON_BLOCKS = YES;
				GCC_OPTIMIZATION_LEVEL = 0;
				GCC_PREPROCESSOR_DEFINITIONS = (
					"DEBUG=1",
					"$(inherited)",
				);
				GCC_WARN_64_TO_32_BIT_CONVERSION = YES;
				GCC_WARN_ABOUT_RETURN_TYPE = YES_ERROR;
				GCC_WARN_UNDECLARED_SELECTOR = YES;
				GCC_WARN_UNINITIALIZED_AUTOS = YES_AGGRESSIVE;
				GCC_WARN_UNUSED_FUNCTION = YES;
				GCC_WARN_UNUSED_VARIABLE = YES;
				IPHONEOS_DEPLOYMENT_TARGET = 12.1;
				MTL_ENABLE_DEBUG_INFO = INCLUDE_SOURCE;
				MTL_FAST_MATH = YES;
				ONLY_ACTIVE_ARCH = YES;
				SDKROOT = iphoneos;
				SWIFT_ACTIVE_COMPILATION_CONDITIONS = DEBUG;
				SWIFT_OPTIMIZATION_LEVEL = "-Onone";
			};
			name = Debug;
		};
		2543A23C269B8AA20064B66A /* Release */ = {
			isa = XCBuildConfiguration;
			buildSettings = {
				ALWAYS_SEARCH_USER_PATHS = NO;
				CLANG_ANALYZER_NONNULL = YES;
				CLANG_ANALYZER_NUMBER_OBJECT_CONVERSION = YES_AGGRESSIVE;
				CLANG_CXX_LANGUAGE_STANDARD = "gnu++14";
				CLANG_CXX_LIBRARY = "libc++";
				CLANG_ENABLE_MODULES = YES;
				CLANG_ENABLE_OBJC_ARC = YES;
				CLANG_ENABLE_OBJC_WEAK = YES;
				CLANG_WARN_BLOCK_CAPTURE_AUTORELEASING = YES;
				CLANG_WARN_BOOL_CONVERSION = YES;
				CLANG_WARN_COMMA = YES;
				CLANG_WARN_CONSTANT_CONVERSION = YES;
				CLANG_WARN_DEPRECATED_OBJC_IMPLEMENTATIONS = YES;
				CLANG_WARN_DIRECT_OBJC_ISA_USAGE = YES_ERROR;
				CLANG_WARN_DOCUMENTATION_COMMENTS = YES;
				CLANG_WARN_EMPTY_BODY = YES;
				CLANG_WARN_ENUM_CONVERSION = YES;
				CLANG_WARN_INFINITE_RECURSION = YES;
				CLANG_WARN_INT_CONVERSION = YES;
				CLANG_WARN_NON_LITERAL_NULL_CONVERSION = YES;
				CLANG_WARN_OBJC_IMPLICIT_RETAIN_SELF = YES;
				CLANG_WARN_OBJC_LITERAL_CONVERSION = YES;
				CLANG_WARN_OBJC_ROOT_CLASS = YES_ERROR;
				CLANG_WARN_RANGE_LOOP_ANALYSIS = YES;
				CLANG_WARN_STRICT_PROTOTYPES = YES;
				CLANG_WARN_SUSPICIOUS_MOVE = YES;
				CLANG_WARN_UNGUARDED_AVAILABILITY = YES_AGGRESSIVE;
				CLANG_WARN_UNREACHABLE_CODE = YES;
				CLANG_WARN__DUPLICATE_METHOD_MATCH = YES;
				CODE_SIGN_IDENTITY = "iPhone Developer";
				COPY_PHASE_STRIP = NO;
				DEBUG_INFORMATION_FORMAT = "dwarf-with-dsym";
				ENABLE_NS_ASSERTIONS = NO;
				ENABLE_STRICT_OBJC_MSGSEND = YES;
				GCC_C_LANGUAGE_STANDARD = gnu11;
				GCC_NO_COMMON_BLOCKS = YES;
				GCC_WARN_64_TO_32_BIT_CONVERSION = YES;
				GCC_WARN_ABOUT_RETURN_TYPE = YES_ERROR;
				GCC_WARN_UNDECLARED_SELECTOR = YES;
				GCC_WARN_UNINITIALIZED_AUTOS = YES_AGGRESSIVE;
				GCC_WARN_UNUSED_FUNCTION = YES;
				GCC_WARN_UNUSED_VARIABLE = YES;
				IPHONEOS_DEPLOYMENT_TARGET = 12.1;
				MTL_ENABLE_DEBUG_INFO = NO;
				MTL_FAST_MATH = YES;
				SDKROOT = iphoneos;
				SWIFT_COMPILATION_MODE = wholemodule;
				SWIFT_OPTIMIZATION_LEVEL = "-O";
				VALIDATE_PRODUCT = YES;
			};
			name = Release;
		};
		2543A23E269B8AA20064B66A /* Debug */ = {
			isa = XCBuildConfiguration;
			buildSettings = {
				ASSETCATALOG_COMPILER_APPICON_NAME = AppIcon;
				CODE_SIGN_STYLE = Automatic;
				DEVELOPMENT_TEAM = U9JDRN8H6B;
				INFOPLIST_FILE = Test/Info.plist;
				LD_RUNPATH_SEARCH_PATHS = (
					"$(inherited)",
					"@executable_path/Frameworks",
				);
				PRODUCT_BUNDLE_IDENTIFIER = com.dcdevs.Test;
				PRODUCT_NAME = "$(TARGET_NAME)";
				SWIFT_VERSION = 4.2;
				TARGETED_DEVICE_FAMILY = "1,2";
			};
			name = Debug;
		};
		2543A23F269B8AA20064B66A /* Release */ = {
			isa = XCBuildConfiguration;
			buildSettings = {
				ASSETCATALOG_COMPILER_APPICON_NAME = AppIcon;
				CODE_SIGN_STYLE = Automatic;
				DEVELOPMENT_TEAM = U9JDRN8H6B;
				INFOPLIST_FILE = Test/Info.plist;
				LD_RUNPATH_SEARCH_PATHS = (
					"$(inherited)",
					"@executable_path/Frameworks",
				);
				PRODUCT_BUNDLE_IDENTIFIER = com.dcdevs.Test;
				PRODUCT_NAME = "$(TARGET_NAME)";
				SWIFT_VERSION = 4.2;
				TARGETED_DEVICE_FAMILY = "1,2";
			};
			name = Release;
		};
		2543A241269B8AA20064B66A /* Debug */ = {
			isa = XCBuildConfiguration;
			buildSettings = {
				ALWAYS_EMBED_SWIFT_STANDARD_LIBRARIES = YES;
				BUNDLE_LOADER = "$(TEST_HOST)";
				CODE_SIGN_STYLE = Automatic;
				DEVELOPMENT_TEAM = U9JDRN8H6B;
				INFOPLIST_FILE = TestTests/Info.plist;
				LD_RUNPATH_SEARCH_PATHS = (
					"$(inherited)",
					"@executable_path/Frameworks",
					"@loader_path/Frameworks",
				);
				PRODUCT_BUNDLE_IDENTIFIER = com.dcdevs.TestTests;
				PRODUCT_NAME = "$(TARGET_NAME)";
				SWIFT_VERSION = 4.2;
				TARGETED_DEVICE_FAMILY = "1,2";
				TEST_HOST = "$(BUILT_PRODUCTS_DIR)/Test.app/Test";
			};
			name = Debug;
		};
		2543A242269B8AA20064B66A /* Release */ = {
			isa = XCBuildConfiguration;
			buildSettings = {
				ALWAYS_EMBED_SWIFT_STANDARD_LIBRARIES = YES;
				BUNDLE_LOADER = "$(TEST_HOST)";
				CODE_SIGN_STYLE = Automatic;
				DEVELOPMENT_TEAM = U9JDRN8H6B;
				INFOPLIST_FILE = TestTests/Info.plist;
				LD_RUNPATH_SEARCH_PATHS = (
					"$(inherited)",
					"@executable_path/Frameworks",
					"@loader_path/Frameworks",
				);
				PRODUCT_BUNDLE_IDENTIFIER = com.dcdevs.TestTests;
				PRODUCT_NAME = "$(TARGET_NAME)";
				SWIFT_VERSION = 4.2;
				TARGETED_DEVICE_FAMILY = "1,2";
				TEST_HOST = "$(BUILT_PRODUCTS_DIR)/Test.app/Test";
			};
			name = Release;
		};
		2543A244269B8AA20064B66A /* Debug */ = {
			isa = XCBuildConfiguration;
			buildSettings = {
				ALWAYS_EMBED_SWIFT_STANDARD_LIBRARIES = YES;
				CODE_SIGN_STYLE = Automatic;
				DEVELOPMENT_TEAM = U9JDRN8H6B;
				INFOPLIST_FILE = TestUITests/Info.plist;
				LD_RUNPATH_SEARCH_PATHS = (
					"$(inherited)",
					"@executable_path/Frameworks",
					"@loader_path/Frameworks",
				);
				PRODUCT_BUNDLE_IDENTIFIER = com.dcdevs.TestUITests;
				PRODUCT_NAME = "$(TARGET_NAME)";
				SWIFT_VERSION = 4.2;
				TARGETED_DEVICE_FAMILY = "1,2";
				TEST_TARGET_NAME = Test;
			};
			name = Debug;
		};
		2543A245269B8AA20064B66A /* Release */ = {
			isa = XCBuildConfiguration;
			buildSettings = {
				ALWAYS_EMBED_SWIFT_STANDARD_LIBRARIES = YES;
				CODE_SIGN_STYLE = Automatic;
				DEVELOPMENT_TEAM = U9JDRN8H6B;
				INFOPLIST_FILE = TestUITests/Info.plist;
				LD_RUNPATH_SEARCH_PATHS = (
					"$(inherited)",
					"@executable_path/Frameworks",
					"@loader_path/Frameworks",
				);
				PRODUCT_BUNDLE_IDENTIFIER = com.dcdevs.TestUITests;
				PRODUCT_NAME = "$(TARGET_NAME)";
				SWIFT_VERSION = 4.2;
				TARGETED_DEVICE_FAMILY = "1,2";
				TEST_TARGET_NAME = Test;
			};
			name = Release;
		};
/* End XCBuildConfiguration section */

/* Begin XCConfigurationList section */
		2543A210269B8A9F0064B66A /* Build configuration list for PBXProject "Test" */ = {
			isa = XCConfigurationList;
			buildConfigurations = (
				2543A23B269B8AA20064B66A /* Debug */,
				2543A23C269B8AA20064B66A /* Release */,
			);
			defaultConfigurationIsVisible = 0;
			defaultConfigurationName = Release;
		};
		2543A23D269B8AA20064B66A /* Build configuration list for PBXNativeTarget "Test" */ = {
			isa = XCConfigurationList;
			buildConfigurations = (
				2543A23E269B8AA20064B66A /* Debug */,
				2543A23F269B8AA20064B66A /* Release */,
			);
			defaultConfigurationIsVisible = 0;
			defaultConfigurationName = Release;
		};
		2543A240269B8AA20064B66A /* Build configuration list for PBXNativeTarget "TestTests" */ = {
			isa = XCConfigurationList;
			buildConfigurations = (
				2543A241269B8AA20064B66A /* Debug */,
				2543A242269B8AA20064B66A /* Release */,
			);
			defaultConfigurationIsVisible = 0;
			defaultConfigurationName = Release;
		};
		2543A243269B8AA20064B66A /* Build configuration list for PBXNativeTarget "TestUITests" */ = {
			isa = XCConfigurationList;
			buildConfigurations = (
				2543A244269B8AA20064B66A /* Debug */,
				2543A245269B8AA20064B66A /* Release */,
			);
			defaultConfigurationIsVisible = 0;
			defaultConfigurationName = Release;
		};
/* End XCConfigurationList section */
	};
	rootObject = 2543A20D269B8A9F0064B66A /* Project object */;
}
