// !$*UTF8*$!
{
	archiveVersion = 1;
	classes = {
	};
	objectVersion = 50;
	objects = {

/* Begin PBXBuildFile section */
		26635A4A2621058B003C9AC1 /* AppDelegate.swift in Sources */ = {isa = PBXBuildFile; fileRef = 26635A492621058B003C9AC1 /* AppDelegate.swift */; };
		26635A4C2621058B003C9AC1 /* SceneDelegate.swift in Sources */ = {isa = PBXBuildFile; fileRef = 26635A4B2621058B003C9AC1 /* SceneDelegate.swift */; };
		26635A4E2621058B003C9AC1 /* ViewController.swift in Sources */ = {isa = PBXBuildFile; fileRef = 26635A4D2621058B003C9AC1 /* ViewController.swift */; };
		26635A512621058B003C9AC1 /* Main.storyboard in Resources */ = {isa = PBXBuildFile; fileRef = 26635A4F2621058B003C9AC1 /* Main.storyboard */; };
		26635A532621058C003C9AC1 /* Assets.xcassets in Resources */ = {isa = PBXBuildFile; fileRef = 26635A522621058C003C9AC1 /* Assets.xcassets */; };
		26635A562621058C003C9AC1 /* LaunchScreen.storyboard in Resources */ = {isa = PBXBuildFile; fileRef = 26635A542621058C003C9AC1 /* LaunchScreen.storyboard */; };
		26635A612621058D003C9AC1 /* dotconnectXTests.swift in Sources */ = {isa = PBXBuildFile; fileRef = 26635A602621058D003C9AC1 /* dotconnectXTests.swift */; };
		26635A6C2621058D003C9AC1 /* dotconnectXUITests.swift in Sources */ = {isa = PBXBuildFile; fileRef = 26635A6B2621058D003C9AC1 /* dotconnectXUITests.swift */; };
/* End PBXBuildFile section */

/* Begin PBXContainerItemProxy section */
		26635A5D2621058D003C9AC1 /* PBXContainerItemProxy */ = {
			isa = PBXContainerItemProxy;
			containerPortal = 26635A3E2621058B003C9AC1 /* Project object */;
			proxyType = 1;
			remoteGlobalIDString = 26635A452621058B003C9AC1;
			remoteInfo = dotconnectX;
		};
		26635A682621058D003C9AC1 /* PBXContainerItemProxy */ = {
			isa = PBXContainerItemProxy;
			containerPortal = 26635A3E2621058B003C9AC1 /* Project object */;
			proxyType = 1;
			remoteGlobalIDString = 26635A452621058B003C9AC1;
			remoteInfo = dotconnectX;
		};
/* End PBXContainerItemProxy section */

/* Begin PBXFileReference section */
		26635A462621058B003C9AC1 /* dotconnectX.app */ = {isa = PBXFileReference; explicitFileType = wrapper.application; includeInIndex = 0; path = dotconnectX.app; sourceTree = BUILT_PRODUCTS_DIR; };
		26635A492621058B003C9AC1 /* AppDelegate.swift */ = {isa = PBXFileReference; lastKnownFileType = sourcecode.swift; path = AppDelegate.swift; sourceTree = "<group>"; };
		26635A4B2621058B003C9AC1 /* SceneDelegate.swift */ = {isa = PBXFileReference; lastKnownFileType = sourcecode.swift; path = SceneDelegate.swift; sourceTree = "<group>"; };
		26635A4D2621058B003C9AC1 /* ViewController.swift */ = {isa = PBXFileReference; lastKnownFileType = sourcecode.swift; path = ViewController.swift; sourceTree = "<group>"; };
		26635A502621058B003C9AC1 /* Base */ = {isa = PBXFileReference; lastKnownFileType = file.storyboard; name = Base; path = Base.lproj/Main.storyboard; sourceTree = "<group>"; };
		26635A522621058C003C9AC1 /* Assets.xcassets */ = {isa = PBXFileReference; lastKnownFileType = folder.assetcatalog; path = Assets.xcassets; sourceTree = "<group>"; };
		26635A552621058C003C9AC1 /* Base */ = {isa = PBXFileReference; lastKnownFileType = file.storyboard; name = Base; path = Base.lproj/LaunchScreen.storyboard; sourceTree = "<group>"; };
		26635A572621058C003C9AC1 /* Info.plist */ = {isa = PBXFileReference; lastKnownFileType = text.plist.xml; path = Info.plist; sourceTree = "<group>"; };
		26635A5C2621058D003C9AC1 /* dotconnectXTests.xctest */ = {isa = PBXFileReference; explicitFileType = wrapper.cfbundle; includeInIndex = 0; path = dotconnectXTests.xctest; sourceTree = BUILT_PRODUCTS_DIR; };
		26635A602621058D003C9AC1 /* dotconnectXTests.swift */ = {isa = PBXFileReference; lastKnownFileType = sourcecode.swift; path = dotconnectXTests.swift; sourceTree = "<group>"; };
		26635A622621058D003C9AC1 /* Info.plist */ = {isa = PBXFileReference; lastKnownFileType = text.plist.xml; path = Info.plist; sourceTree = "<group>"; };
		26635A672621058D003C9AC1 /* dotconnectXUITests.xctest */ = {isa = PBXFileReference; explicitFileType = wrapper.cfbundle; includeInIndex = 0; path = dotconnectXUITests.xctest; sourceTree = BUILT_PRODUCTS_DIR; };
		26635A6B2621058D003C9AC1 /* dotconnectXUITests.swift */ = {isa = PBXFileReference; lastKnownFileType = sourcecode.swift; path = dotconnectXUITests.swift; sourceTree = "<group>"; };
		26635A6D2621058D003C9AC1 /* Info.plist */ = {isa = PBXFileReference; lastKnownFileType = text.plist.xml; path = Info.plist; sourceTree = "<group>"; };
/* End PBXFileReference section */

/* Begin PBXFrameworksBuildPhase section */
		26635A432621058B003C9AC1 /* Frameworks */ = {
			isa = PBXFrameworksBuildPhase;
			buildActionMask = 2147483647;
			files = (
			);
			runOnlyForDeploymentPostprocessing = 0;
		};
		26635A592621058D003C9AC1 /* Frameworks */ = {
			isa = PBXFrameworksBuildPhase;
			buildActionMask = 2147483647;
			files = (
			);
			runOnlyForDeploymentPostprocessing = 0;
		};
		26635A642621058D003C9AC1 /* Frameworks */ = {
			isa = PBXFrameworksBuildPhase;
			buildActionMask = 2147483647;
			files = (
			);
			runOnlyForDeploymentPostprocessing = 0;
		};
/* End PBXFrameworksBuildPhase section */

/* Begin PBXGroup section */
		26635A3D2621058B003C9AC1 = {
			isa = PBXGroup;
			children = (
				26635A482621058B003C9AC1 /* dotconnectX */,
				26635A5F2621058D003C9AC1 /* dotconnectXTests */,
				26635A6A2621058D003C9AC1 /* dotconnectXUITests */,
				26635A472621058B003C9AC1 /* Products */,
			);
			sourceTree = "<group>";
		};
		26635A472621058B003C9AC1 /* Products */ = {
			isa = PBXGroup;
			children = (
				26635A462621058B003C9AC1 /* dotconnectX.app */,
				26635A5C2621058D003C9AC1 /* dotconnectXTests.xctest */,
				26635A672621058D003C9AC1 /* dotconnectXUITests.xctest */,
			);
			name = Products;
			sourceTree = "<group>";
		};
		26635A482621058B003C9AC1 /* dotconnectX */ = {
			isa = PBXGroup;
			children = (
				26635A492621058B003C9AC1 /* AppDelegate.swift */,
				26635A4B2621058B003C9AC1 /* SceneDelegate.swift */,
				26635A4D2621058B003C9AC1 /* ViewController.swift */,
				26635A4F2621058B003C9AC1 /* Main.storyboard */,
				26635A522621058C003C9AC1 /* Assets.xcassets */,
				26635A542621058C003C9AC1 /* LaunchScreen.storyboard */,
				26635A572621058C003C9AC1 /* Info.plist */,
			);
			path = dotconnectX;
			sourceTree = "<group>";
		};
		26635A5F2621058D003C9AC1 /* dotconnectXTests */ = {
			isa = PBXGroup;
			children = (
				26635A602621058D003C9AC1 /* dotconnectXTests.swift */,
				26635A622621058D003C9AC1 /* Info.plist */,
			);
			path = dotconnectXTests;
			sourceTree = "<group>";
		};
		26635A6A2621058D003C9AC1 /* dotconnectXUITests */ = {
			isa = PBXGroup;
			children = (
				26635A6B2621058D003C9AC1 /* dotconnectXUITests.swift */,
				26635A6D2621058D003C9AC1 /* Info.plist */,
			);
			path = dotconnectXUITests;
			sourceTree = "<group>";
		};
/* End PBXGroup section */

/* Begin PBXNativeTarget section */
		26635A452621058B003C9AC1 /* dotconnectX */ = {
			isa = PBXNativeTarget;
			buildConfigurationList = 26635A702621058D003C9AC1 /* Build configuration list for PBXNativeTarget "dotconnectX" */;
			buildPhases = (
				26635A422621058B003C9AC1 /* Sources */,
				26635A432621058B003C9AC1 /* Frameworks */,
				26635A442621058B003C9AC1 /* Resources */,
			);
			buildRules = (
			);
			dependencies = (
			);
			name = dotconnectX;
			productName = dotconnectX;
			productReference = 26635A462621058B003C9AC1 /* dotconnectX.app */;
			productType = "com.apple.product-type.application";
		};
		26635A5B2621058D003C9AC1 /* dotconnectXTests */ = {
			isa = PBXNativeTarget;
			buildConfigurationList = 26635A732621058D003C9AC1 /* Build configuration list for PBXNativeTarget "dotconnectXTests" */;
			buildPhases = (
				26635A582621058D003C9AC1 /* Sources */,
				26635A592621058D003C9AC1 /* Frameworks */,
				26635A5A2621058D003C9AC1 /* Resources */,
			);
			buildRules = (
			);
			dependencies = (
				26635A5E2621058D003C9AC1 /* PBXTargetDependency */,
			);
			name = dotconnectXTests;
			productName = dotconnectXTests;
			productReference = 26635A5C2621058D003C9AC1 /* dotconnectXTests.xctest */;
			productType = "com.apple.product-type.bundle.unit-test";
		};
		26635A662621058D003C9AC1 /* dotconnectXUITests */ = {
			isa = PBXNativeTarget;
			buildConfigurationList = 26635A762621058D003C9AC1 /* Build configuration list for PBXNativeTarget "dotconnectXUITests" */;
			buildPhases = (
				26635A632621058D003C9AC1 /* Sources */,
				26635A642621058D003C9AC1 /* Frameworks */,
				26635A652621058D003C9AC1 /* Resources */,
			);
			buildRules = (
			);
			dependencies = (
				26635A692621058D003C9AC1 /* PBXTargetDependency */,
			);
			name = dotconnectXUITests;
			productName = dotconnectXUITests;
			productReference = 26635A672621058D003C9AC1 /* dotconnectXUITests.xctest */;
			productType = "com.apple.product-type.bundle.ui-testing";
		};
/* End PBXNativeTarget section */

/* Begin PBXProject section */
		26635A3E2621058B003C9AC1 /* Project object */ = {
			isa = PBXProject;
			attributes = {
				LastSwiftUpdateCheck = 1240;
				LastUpgradeCheck = 1240;
				TargetAttributes = {
					26635A452621058B003C9AC1 = {
						CreatedOnToolsVersion = 12.4;
					};
					26635A5B2621058D003C9AC1 = {
						CreatedOnToolsVersion = 12.4;
						TestTargetID = 26635A452621058B003C9AC1;
					};
					26635A662621058D003C9AC1 = {
						CreatedOnToolsVersion = 12.4;
						TestTargetID = 26635A452621058B003C9AC1;
					};
				};
			};
			buildConfigurationList = 26635A412621058B003C9AC1 /* Build configuration list for PBXProject "dotconnectX" */;
			compatibilityVersion = "Xcode 9.3";
			developmentRegion = en;
			hasScannedForEncodings = 0;
			knownRegions = (
				en,
				Base,
			);
			mainGroup = 26635A3D2621058B003C9AC1;
			productRefGroup = 26635A472621058B003C9AC1 /* Products */;
			projectDirPath = "";
			projectRoot = "";
			targets = (
				26635A452621058B003C9AC1 /* dotconnectX */,
				26635A5B2621058D003C9AC1 /* dotconnectXTests */,
				26635A662621058D003C9AC1 /* dotconnectXUITests */,
			);
		};
/* End PBXProject section */

/* Begin PBXResourcesBuildPhase section */
		26635A442621058B003C9AC1 /* Resources */ = {
			isa = PBXResourcesBuildPhase;
			buildActionMask = 2147483647;
			files = (
				26635A562621058C003C9AC1 /* LaunchScreen.storyboard in Resources */,
				26635A532621058C003C9AC1 /* Assets.xcassets in Resources */,
				26635A512621058B003C9AC1 /* Main.storyboard in Resources */,
			);
			runOnlyForDeploymentPostprocessing = 0;
		};
		26635A5A2621058D003C9AC1 /* Resources */ = {
			isa = PBXResourcesBuildPhase;
			buildActionMask = 2147483647;
			files = (
			);
			runOnlyForDeploymentPostprocessing = 0;
		};
		26635A652621058D003C9AC1 /* Resources */ = {
			isa = PBXResourcesBuildPhase;
			buildActionMask = 2147483647;
			files = (
			);
			runOnlyForDeploymentPostprocessing = 0;
		};
/* End PBXResourcesBuildPhase section */

/* Begin PBXSourcesBuildPhase section */
		26635A422621058B003C9AC1 /* Sources */ = {
			isa = PBXSourcesBuildPhase;
			buildActionMask = 2147483647;
			files = (
				26635A4E2621058B003C9AC1 /* ViewController.swift in Sources */,
				26635A4A2621058B003C9AC1 /* AppDelegate.swift in Sources */,
				26635A4C2621058B003C9AC1 /* SceneDelegate.swift in Sources */,
			);
			runOnlyForDeploymentPostprocessing = 0;
		};
		26635A582621058D003C9AC1 /* Sources */ = {
			isa = PBXSourcesBuildPhase;
			buildActionMask = 2147483647;
			files = (
				26635A612621058D003C9AC1 /* dotconnectXTests.swift in Sources */,
			);
			runOnlyForDeploymentPostprocessing = 0;
		};
		26635A632621058D003C9AC1 /* Sources */ = {
			isa = PBXSourcesBuildPhase;
			buildActionMask = 2147483647;
			files = (
				26635A6C2621058D003C9AC1 /* dotconnectXUITests.swift in Sources */,
			);
			runOnlyForDeploymentPostprocessing = 0;
		};
/* End PBXSourcesBuildPhase section */

/* Begin PBXTargetDependency section */
		26635A5E2621058D003C9AC1 /* PBXTargetDependency */ = {
			isa = PBXTargetDependency;
			target = 26635A452621058B003C9AC1 /* dotconnectX */;
			targetProxy = 26635A5D2621058D003C9AC1 /* PBXContainerItemProxy */;
		};
		26635A692621058D003C9AC1 /* PBXTargetDependency */ = {
			isa = PBXTargetDependency;
			target = 26635A452621058B003C9AC1 /* dotconnectX */;
			targetProxy = 26635A682621058D003C9AC1 /* PBXContainerItemProxy */;
		};
/* End PBXTargetDependency section */

/* Begin PBXVariantGroup section */
		26635A4F2621058B003C9AC1 /* Main.storyboard */ = {
			isa = PBXVariantGroup;
			children = (
				26635A502621058B003C9AC1 /* Base */,
			);
			name = Main.storyboard;
			sourceTree = "<group>";
		};
		26635A542621058C003C9AC1 /* LaunchScreen.storyboard */ = {
			isa = PBXVariantGroup;
			children = (
				26635A552621058C003C9AC1 /* Base */,
			);
			name = LaunchScreen.storyboard;
			sourceTree = "<group>";
		};
/* End PBXVariantGroup section */

/* Begin XCBuildConfiguration section */
		26635A6E2621058D003C9AC1 /* Debug */ = {
			isa = XCBuildConfiguration;
			buildSettings = {
				ALWAYS_SEARCH_USER_PATHS = NO;
				CLANG_ANALYZER_NONNULL = YES;
				CLANG_ANALYZER_NUMBER_OBJECT_CONVERSION = YES_AGGRESSIVE;
				CLANG_CXX_LANGUAGE_STANDARD = "gnu++14";
				CLANG_CXX_LIBRARY = "libc++";
				CLANG_ENABLE_MODULES = YES;
				CLANG_ENABLE_OBJC_ARC = YES;
				CLANG_ENABLE_OBJC_WEAK = YES;
				CLANG_WARN_BLOCK_CAPTURE_AUTORELEASING = YES;
				CLANG_WARN_BOOL_CONVERSION = YES;
				CLANG_WARN_COMMA = YES;
				CLANG_WARN_CONSTANT_CONVERSION = YES;
				CLANG_WARN_DEPRECATED_OBJC_IMPLEMENTATIONS = YES;
				CLANG_WARN_DIRECT_OBJC_ISA_USAGE = YES_ERROR;
				CLANG_WARN_DOCUMENTATION_COMMENTS = YES;
				CLANG_WARN_EMPTY_BODY = YES;
				CLANG_WARN_ENUM_CONVERSION = YES;
				CLANG_WARN_INFINITE_RECURSION = YES;
				CLANG_WARN_INT_CONVERSION = YES;
				CLANG_WARN_NON_LITERAL_NULL_CONVERSION = YES;
				CLANG_WARN_OBJC_IMPLICIT_RETAIN_SELF = YES;
				CLANG_WARN_OBJC_LITERAL_CONVERSION = YES;
				CLANG_WARN_OBJC_ROOT_CLASS = YES_ERROR;
				CLANG_WARN_QUOTED_INCLUDE_IN_FRAMEWORK_HEADER = YES;
				CLANG_WARN_RANGE_LOOP_ANALYSIS = YES;
				CLANG_WARN_STRICT_PROTOTYPES = YES;
				CLANG_WARN_SUSPICIOUS_MOVE = YES;
				CLANG_WARN_UNGUARDED_AVAILABILITY = YES_AGGRESSIVE;
				CLANG_WARN_UNREACHABLE_CODE = YES;
				CLANG_WARN__DUPLICATE_METHOD_MATCH = YES;
				COPY_PHASE_STRIP = NO;
				DEBUG_INFORMATION_FORMAT = dwarf;
				ENABLE_STRICT_OBJC_MSGSEND = YES;
				ENABLE_TESTABILITY = YES;
				GCC_C_LANGUAGE_STANDARD = gnu11;
				GCC_DYNAMIC_NO_PIC = NO;
				GCC_NO_COMMON_BLOCKS = YES;
				GCC_OPTIMIZATION_LEVEL = 0;
				GCC_PREPROCESSOR_DEFINITIONS = (
					"DEBUG=1",
					"$(inherited)",
				);
				GCC_WARN_64_TO_32_BIT_CONVERSION = YES;
				GCC_WARN_ABOUT_RETURN_TYPE = YES_ERROR;
				GCC_WARN_UNDECLARED_SELECTOR = YES;
				GCC_WARN_UNINITIALIZED_AUTOS = YES_AGGRESSIVE;
				GCC_WARN_UNUSED_FUNCTION = YES;
				GCC_WARN_UNUSED_VARIABLE = YES;
				IPHONEOS_DEPLOYMENT_TARGET = 14.4;
				MTL_ENABLE_DEBUG_INFO = INCLUDE_SOURCE;
				MTL_FAST_MATH = YES;
				ONLY_ACTIVE_ARCH = YES;
				SDKROOT = iphoneos;
				SWIFT_ACTIVE_COMPILATION_CONDITIONS = DEBUG;
				SWIFT_OPTIMIZATION_LEVEL = "-Onone";
			};
			name = Debug;
		};
		26635A6F2621058D003C9AC1 /* Release */ = {
			isa = XCBuildConfiguration;
			buildSettings = {
				ALWAYS_SEARCH_USER_PATHS = NO;
				CLANG_ANALYZER_NONNULL = YES;
				CLANG_ANALYZER_NUMBER_OBJECT_CONVERSION = YES_AGGRESSIVE;
				CLANG_CXX_LANGUAGE_STANDARD = "gnu++14";
				CLANG_CXX_LIBRARY = "libc++";
				CLANG_ENABLE_MODULES = YES;
				CLANG_ENABLE_OBJC_ARC = YES;
				CLANG_ENABLE_OBJC_WEAK = YES;
				CLANG_WARN_BLOCK_CAPTURE_AUTORELEASING = YES;
				CLANG_WARN_BOOL_CONVERSION = YES;
				CLANG_WARN_COMMA = YES;
				CLANG_WARN_CONSTANT_CONVERSION = YES;
				CLANG_WARN_DEPRECATED_OBJC_IMPLEMENTATIONS = YES;
				CLANG_WARN_DIRECT_OBJC_ISA_USAGE = YES_ERROR;
				CLANG_WARN_DOCUMENTATION_COMMENTS = YES;
				CLANG_WARN_EMPTY_BODY = YES;
				CLANG_WARN_ENUM_CONVERSION = YES;
				CLANG_WARN_INFINITE_RECURSION = YES;
				CLANG_WARN_INT_CONVERSION = YES;
				CLANG_WARN_NON_LITERAL_NULL_CONVERSION = YES;
				CLANG_WARN_OBJC_IMPLICIT_RETAIN_SELF = YES;
				CLANG_WARN_OBJC_LITERAL_CONVERSION = YES;
				CLANG_WARN_OBJC_ROOT_CLASS = YES_ERROR;
				CLANG_WARN_QUOTED_INCLUDE_IN_FRAMEWORK_HEADER = YES;
				CLANG_WARN_RANGE_LOOP_ANALYSIS = YES;
				CLANG_WARN_STRICT_PROTOTYPES = YES;
				CLANG_WARN_SUSPICIOUS_MOVE = YES;
				CLANG_WARN_UNGUARDED_AVAILABILITY = YES_AGGRESSIVE;
				CLANG_WARN_UNREACHABLE_CODE = YES;
				CLANG_WARN__DUPLICATE_METHOD_MATCH = YES;
				COPY_PHASE_STRIP = NO;
				DEBUG_INFORMATION_FORMAT = "dwarf-with-dsym";
				ENABLE_NS_ASSERTIONS = NO;
				ENABLE_STRICT_OBJC_MSGSEND = YES;
				GCC_C_LANGUAGE_STANDARD = gnu11;
				GCC_NO_COMMON_BLOCKS = YES;
				GCC_WARN_64_TO_32_BIT_CONVERSION = YES;
				GCC_WARN_ABOUT_RETURN_TYPE = YES_ERROR;
				GCC_WARN_UNDECLARED_SELECTOR = YES;
				GCC_WARN_UNINITIALIZED_AUTOS = YES_AGGRESSIVE;
				GCC_WARN_UNUSED_FUNCTION = YES;
				GCC_WARN_UNUSED_VARIABLE = YES;
				IPHONEOS_DEPLOYMENT_TARGET = 14.4;
				MTL_ENABLE_DEBUG_INFO = NO;
				MTL_FAST_MATH = YES;
				SDKROOT = iphoneos;
				SWIFT_COMPILATION_MODE = wholemodule;
				SWIFT_OPTIMIZATION_LEVEL = "-O";
				VALIDATE_PRODUCT = YES;
			};
			name = Release;
		};
		26635A712621058D003C9AC1 /* Debug */ = {
			isa = XCBuildConfiguration;
			buildSettings = {
				ASSETCATALOG_COMPILER_APPICON_NAME = AppIcon;
				ASSETCATALOG_COMPILER_GLOBAL_ACCENT_COLOR_NAME = AccentColor;
				CODE_SIGN_STYLE = Automatic;
				CURRENT_PROJECT_VERSION = 1100;
				DEVELOPMENT_TEAM = U9JDRN8H6B;
				INFOPLIST_FILE = dotconnectX/Info.plist;
				IPHONEOS_DEPLOYMENT_TARGET = 13.6;
				LD_RUNPATH_SEARCH_PATHS = (
					"$(inherited)",
					"@executable_path/Frameworks",
				);
				MARKETING_VERSION = R1.2;
				PRODUCT_BUNDLE_IDENTIFIER = com.cdev.dotconnectX;
				PRODUCT_NAME = "$(TARGET_NAME)";
				SWIFT_VERSION = 5.0;
				TARGETED_DEVICE_FAMILY = "1,2";
			};
			name = Debug;
		};
		26635A722621058D003C9AC1 /* Release */ = {
			isa = XCBuildConfiguration;
			buildSettings = {
				ASSETCATALOG_COMPILER_APPICON_NAME = AppIcon;
				ASSETCATALOG_COMPILER_GLOBAL_ACCENT_COLOR_NAME = AccentColor;
				CODE_SIGN_STYLE = Automatic;
				CURRENT_PROJECT_VERSION = 1100;
				DEVELOPMENT_TEAM = U9JDRN8H6B;
				INFOPLIST_FILE = dotconnectX/Info.plist;
				IPHONEOS_DEPLOYMENT_TARGET = 13.6;
				LD_RUNPATH_SEARCH_PATHS = (
					"$(inherited)",
					"@executable_path/Frameworks",
				);
				MARKETING_VERSION = R1.2;
				PRODUCT_BUNDLE_IDENTIFIER = com.cdev.dotconnectX;
				PRODUCT_NAME = "$(TARGET_NAME)";
				SWIFT_VERSION = 5.0;
				TARGETED_DEVICE_FAMILY = "1,2";
			};
			name = Release;
		};
		26635A742621058D003C9AC1 /* Debug */ = {
			isa = XCBuildConfiguration;
			buildSettings = {
				ALWAYS_EMBED_SWIFT_STANDARD_LIBRARIES = YES;
				BUNDLE_LOADER = "$(TEST_HOST)";
				CODE_SIGN_STYLE = Automatic;
				DEVELOPMENT_TEAM = U9JDRN8H6B;
				INFOPLIST_FILE = dotconnectXTests/Info.plist;
				IPHONEOS_DEPLOYMENT_TARGET = 14.4;
				LD_RUNPATH_SEARCH_PATHS = (
					"$(inherited)",
					"@executable_path/Frameworks",
					"@loader_path/Frameworks",
				);
				PRODUCT_BUNDLE_IDENTIFIER = com.416775.dotconnectXTests;
				PRODUCT_NAME = "$(TARGET_NAME)";
				SWIFT_VERSION = 5.0;
				TARGETED_DEVICE_FAMILY = "1,2";
				TEST_HOST = "$(BUILT_PRODUCTS_DIR)/dotconnectX.app/dotconnectX";
			};
			name = Debug;
		};
		26635A752621058D003C9AC1 /* Release */ = {
			isa = XCBuildConfiguration;
			buildSettings = {
				ALWAYS_EMBED_SWIFT_STANDARD_LIBRARIES = YES;
				BUNDLE_LOADER = "$(TEST_HOST)";
				CODE_SIGN_STYLE = Automatic;
				DEVELOPMENT_TEAM = U9JDRN8H6B;
				INFOPLIST_FILE = dotconnectXTests/Info.plist;
				IPHONEOS_DEPLOYMENT_TARGET = 14.4;
				LD_RUNPATH_SEARCH_PATHS = (
					"$(inherited)",
					"@executable_path/Frameworks",
					"@loader_path/Frameworks",
				);
				PRODUCT_BUNDLE_IDENTIFIER = com.416775.dotconnectXTests;
				PRODUCT_NAME = "$(TARGET_NAME)";
				SWIFT_VERSION = 5.0;
				TARGETED_DEVICE_FAMILY = "1,2";
				TEST_HOST = "$(BUILT_PRODUCTS_DIR)/dotconnectX.app/dotconnectX";
			};
			name = Release;
		};
		26635A772621058D003C9AC1 /* Debug */ = {
			isa = XCBuildConfiguration;
			buildSettings = {
				ALWAYS_EMBED_SWIFT_STANDARD_LIBRARIES = YES;
				CODE_SIGN_STYLE = Automatic;
				DEVELOPMENT_TEAM = U9JDRN8H6B;
				INFOPLIST_FILE = dotconnectXUITests/Info.plist;
				LD_RUNPATH_SEARCH_PATHS = (
					"$(inherited)",
					"@executable_path/Frameworks",
					"@loader_path/Frameworks",
				);
				PRODUCT_BUNDLE_IDENTIFIER = com.416775.dotconnectXUITests;
				PRODUCT_NAME = "$(TARGET_NAME)";
				SWIFT_VERSION = 5.0;
				TARGETED_DEVICE_FAMILY = "1,2";
				TEST_TARGET_NAME = dotconnectX;
			};
			name = Debug;
		};
		26635A782621058D003C9AC1 /* Release */ = {
			isa = XCBuildConfiguration;
			buildSettings = {
				ALWAYS_EMBED_SWIFT_STANDARD_LIBRARIES = YES;
				CODE_SIGN_STYLE = Automatic;
				DEVELOPMENT_TEAM = U9JDRN8H6B;
				INFOPLIST_FILE = dotconnectXUITests/Info.plist;
				LD_RUNPATH_SEARCH_PATHS = (
					"$(inherited)",
					"@executable_path/Frameworks",
					"@loader_path/Frameworks",
				);
				PRODUCT_BUNDLE_IDENTIFIER = com.416775.dotconnectXUITests;
				PRODUCT_NAME = "$(TARGET_NAME)";
				SWIFT_VERSION = 5.0;
				TARGETED_DEVICE_FAMILY = "1,2";
				TEST_TARGET_NAME = dotconnectX;
			};
			name = Release;
		};
/* End XCBuildConfiguration section */

/* Begin XCConfigurationList section */
		26635A412621058B003C9AC1 /* Build configuration list for PBXProject "dotconnectX" */ = {
			isa = XCConfigurationList;
			buildConfigurations = (
				26635A6E2621058D003C9AC1 /* Debug */,
				26635A6F2621058D003C9AC1 /* Release */,
			);
			defaultConfigurationIsVisible = 0;
			defaultConfigurationName = Release;
		};
		26635A702621058D003C9AC1 /* Build configuration list for PBXNativeTarget "dotconnectX" */ = {
			isa = XCConfigurationList;
			buildConfigurations = (
				26635A712621058D003C9AC1 /* Debug */,
				26635A722621058D003C9AC1 /* Release */,
			);
			defaultConfigurationIsVisible = 0;
			defaultConfigurationName = Release;
		};
		26635A732621058D003C9AC1 /* Build configuration list for PBXNativeTarget "dotconnectXTests" */ = {
			isa = XCConfigurationList;
			buildConfigurations = (
				26635A742621058D003C9AC1 /* Debug */,
				26635A752621058D003C9AC1 /* Release */,
			);
			defaultConfigurationIsVisible = 0;
			defaultConfigurationName = Release;
		};
		26635A762621058D003C9AC1 /* Build configuration list for PBXNativeTarget "dotconnectXUITests" */ = {
			isa = XCConfigurationList;
			buildConfigurations = (
				26635A772621058D003C9AC1 /* Debug */,
				26635A782621058D003C9AC1 /* Release */,
			);
			defaultConfigurationIsVisible = 0;
			defaultConfigurationName = Release;
		};
/* End XCConfigurationList section */
	};
	rootObject = 26635A3E2621058B003C9AC1 /* Project object */;
}
